
Microsoft Visual Studio Solution File, Format Version 12.00
# Visual Studio Version 17
VisualStudioVersion = 17.1.32319.34
MinimumVisualStudioVersion = 10.0.40219.1
Project("{2150E333-8FDC-42A3-9474-1A3956D46DE8}") = "Services", "Services", "{64EEE525-39C7-4058-890D-FF9ED0F0D625}"
EndProject
Project("{9A19103F-16F7-4668-BE54-9A1E7A4F7556}") = "ProductSolution.ProductAPI", "Mango.Services.ProductAPI\ProductSolution.ProductAPI.csproj", "{EB826D19-F138-4128-AAA5-A53CD9C2307E}"
EndProject
Global
	GlobalSection(SolutionConfigurationPlatforms) = preSolution
		Debug|Any CPU = Debug|Any CPU
		Release|Any CPU = Release|Any CPU
	EndGlobalSection
	GlobalSection(ProjectConfigurationPlatforms) = postSolution
		{EB826D19-F138-4128-AAA5-A53CD9C2307E}.Debug|Any CPU.ActiveCfg = Debug|Any CPU
		{EB826D19-F138-4128-AAA5-A53CD9C2307E}.Debug|Any CPU.Build.0 = Debug|Any CPU
		{EB826D19-F138-4128-AAA5-A53CD9C2307E}.Release|Any CPU.ActiveCfg = Release|Any CPU
		{EB826D19-F138-4128-AAA5-A53CD9C2307E}.Release|Any CPU.Build.0 = Release|Any CPU
	EndGlobalSection
	GlobalSection(SolutionProperties) = preSolution
		HideSolutionNode = FALSE
	EndGlobalSection
	GlobalSection(NestedProjects) = preSolution
		{EB826D19-F138-4128-AAA5-A53CD9C2307E} = {64EEE525-39C7-4058-890D-FF9ED0F0D625}
	EndGlobalSection
	GlobalSection(ExtensibilityGlobals) = postSolution
		SolutionGuid = {BD4FD027-9FDA-4EE7-8398-EB57B1303E35}
	EndGlobalSection
EndGlobal
